
Microsoft Visual Studio Solution File, Format Version 12.00
# Visual Studio 15
VisualStudioVersion = 15.0.28307.271
MinimumVisualStudioVersion = 10.0.40219.1
Project("{8BC9CEB8-8B4A-11D0-8D11-00A0C91BC942}") = "yolov3-tiny_object_detection", "yolov3-tiny_object_detection\yolov3-tiny_object_detection.vcxproj", "{741CDFD8-A15F-4C00-B0CE-D68AF6A1D26E}"
EndProject
Global
	GlobalSection(SolutionConfigurationPlatforms) = preSolution
		Debug|x64 = Debug|x64
		Debug|x86 = Debug|x86
		Release|x64 = Release|x64
		Release|x86 = Release|x86
	EndGlobalSection
	GlobalSection(ProjectConfigurationPlatforms) = postSolution
		{741CDFD8-A15F-4C00-B0CE-D68AF6A1D26E}.Debug|x64.ActiveCfg = Debug|x64
		{741CDFD8-A15F-4C00-B0CE-D68AF6A1D26E}.Debug|x64.Build.0 = Debug|x64
		{741CDFD8-A15F-4C00-B0CE-D68AF6A1D26E}.Debug|x86.ActiveCfg = Debug|Win32
		{741CDFD8-A15F-4C00-B0CE-D68AF6A1D26E}.Debug|x86.Build.0 = Debug|Win32
		{741CDFD8-A15F-4C00-B0CE-D68AF6A1D26E}.Release|x64.ActiveCfg = Release|x64
		{741CDFD8-A15F-4C00-B0CE-D68AF6A1D26E}.Release|x64.Build.0 = Release|x64
		{741CDFD8-A15F-4C00-B0CE-D68AF6A1D26E}.Release|x86.ActiveCfg = Release|Win32
		{741CDFD8-A15F-4C00-B0CE-D68AF6A1D26E}.Release|x86.Build.0 = Release|Win32
	EndGlobalSection
	GlobalSection(SolutionProperties) = preSolution
		HideSolutionNode = FALSE
	EndGlobalSection
	GlobalSection(ExtensibilityGlobals) = postSolution
		SolutionGuid = {39C5451B-CA5E-422E-AB15-05C6C0D48083}
	EndGlobalSection
EndGlobal
